// !$*UTF8*$!
{
	archiveVersion = 1;
	classes = {
	};
	objectVersion = 46;
	objects = {

/* Begin PBXBuildFile section */
		3551854C93A735C0A507F7AB /* Pods_Weather.framework in Frameworks */ = {isa = PBXBuildFile; fileRef = CB723BCF8EE1E0310397EE1D /* Pods_Weather.framework */; };
		9478E9261D4F928000552D04 /* AppDelegate.swift in Sources */ = {isa = PBXBuildFile; fileRef = 9478E9251D4F928000552D04 /* AppDelegate.swift */; };
		9478E9281D4F928000552D04 /* ViewController.swift in Sources */ = {isa = PBXBuildFile; fileRef = 9478E9271D4F928000552D04 /* ViewController.swift */; };
		9478E92B1D4F928000552D04 /* Main.storyboard in Resources */ = {isa = PBXBuildFile; fileRef = 9478E9291D4F928000552D04 /* Main.storyboard */; };
		9478E92D1D4F928000552D04 /* Assets.xcassets in Resources */ = {isa = PBXBuildFile; fileRef = 9478E92C1D4F928000552D04 /* Assets.xcassets */; };
		9478E9301D4F928000552D04 /* LaunchScreen.storyboard in Resources */ = {isa = PBXBuildFile; fileRef = 9478E92E1D4F928000552D04 /* LaunchScreen.storyboard */; };
		9478E93E1D4F952700552D04 /* AppDelegate.swift in Sources */ = {isa = PBXBuildFile; fileRef = 9478E93D1D4F952700552D04 /* AppDelegate.swift */; };
		9478E9401D4F952700552D04 /* ViewController.swift in Sources */ = {isa = PBXBuildFile; fileRef = 9478E93F1D4F952700552D04 /* ViewController.swift */; };
		9478E9431D4F952700552D04 /* Main.storyboard in Resources */ = {isa = PBXBuildFile; fileRef = 9478E9411D4F952700552D04 /* Main.storyboard */; };
		9478E9451D4F952700552D04 /* Assets.xcassets in Resources */ = {isa = PBXBuildFile; fileRef = 9478E9441D4F952700552D04 /* Assets.xcassets */; };
		9478E94D1D4F971900552D04 /* Keys.swift in Sources */ = {isa = PBXBuildFile; fileRef = 9478E94C1D4F971900552D04 /* Keys.swift */; };
		9478E94F1D4F974700552D04 /* ForecastKit.swift in Sources */ = {isa = PBXBuildFile; fileRef = 9478E94E1D4F974700552D04 /* ForecastKit.swift */; };
		9478E9501D4F97DF00552D04 /* Keys.swift in Sources */ = {isa = PBXBuildFile; fileRef = 9478E94C1D4F971900552D04 /* Keys.swift */; };
		9478E9511D4F97DF00552D04 /* ForecastKit.swift in Sources */ = {isa = PBXBuildFile; fileRef = 9478E94E1D4F974700552D04 /* ForecastKit.swift */; };
		9478E9761D4F9B0B00552D04 /* Weather.swift in Sources */ = {isa = PBXBuildFile; fileRef = 9478E9751D4F9B0B00552D04 /* Weather.swift */; };
		9478E9771D4F9E8700552D04 /* Weather.swift in Sources */ = {isa = PBXBuildFile; fileRef = 9478E9751D4F9B0B00552D04 /* Weather.swift */; };
		94EEA48E1D4FA1E4006B7C55 /* Interface.storyboard in Resources */ = {isa = PBXBuildFile; fileRef = 94EEA48C1D4FA1E4006B7C55 /* Interface.storyboard */; };
		94EEA4901D4FA1E4006B7C55 /* Assets.xcassets in Resources */ = {isa = PBXBuildFile; fileRef = 94EEA48F1D4FA1E4006B7C55 /* Assets.xcassets */; };
		94EEA4971D4FA1E5006B7C55 /* Weather-Watch Extension.appex in Embed App Extensions */ = {isa = PBXBuildFile; fileRef = 94EEA4961D4FA1E5006B7C55 /* Weather-Watch Extension.appex */; settings = {ATTRIBUTES = (RemoveHeadersOnCopy, ); }; };
		94EEA49C1D4FA1E5006B7C55 /* InterfaceController.swift in Sources */ = {isa = PBXBuildFile; fileRef = 94EEA49B1D4FA1E5006B7C55 /* InterfaceController.swift */; };
		94EEA49E1D4FA1E5006B7C55 /* ExtensionDelegate.swift in Sources */ = {isa = PBXBuildFile; fileRef = 94EEA49D1D4FA1E5006B7C55 /* ExtensionDelegate.swift */; };
		94EEA4A01D4FA1E5006B7C55 /* Assets.xcassets in Resources */ = {isa = PBXBuildFile; fileRef = 94EEA49F1D4FA1E5006B7C55 /* Assets.xcassets */; };
		94EEA4A41D4FA1E5006B7C55 /* Weather-Watch.app in Embed Watch Content */ = {isa = PBXBuildFile; fileRef = 94EEA48A1D4FA1E4006B7C55 /* Weather-Watch.app */; };
		94EEA4AD1D4FA22C006B7C55 /* Keys.swift in Sources */ = {isa = PBXBuildFile; fileRef = 9478E94C1D4F971900552D04 /* Keys.swift */; };
		94EEA4AE1D4FA22C006B7C55 /* ForecastKit.swift in Sources */ = {isa = PBXBuildFile; fileRef = 9478E94E1D4F974700552D04 /* ForecastKit.swift */; };
		94EEA4AF1D4FA22C006B7C55 /* Weather.swift in Sources */ = {isa = PBXBuildFile; fileRef = 9478E9751D4F9B0B00552D04 /* Weather.swift */; };
		A2E01E367F6CF8633F440A21 /* Pods_Weather_Watch_Extension.framework in Frameworks */ = {isa = PBXBuildFile; fileRef = F3F12FD6807B73C48FEBA55B /* Pods_Weather_Watch_Extension.framework */; };
		F0DDC8FF37ABF6BB9014B4FE /* Pods_Weather_TV.framework in Frameworks */ = {isa = PBXBuildFile; fileRef = C4B1AE0EC253D1EED091D8D5 /* Pods_Weather_TV.framework */; };
/* End PBXBuildFile section */

/* Begin PBXContainerItemProxy section */
		94EEA4981D4FA1E5006B7C55 /* PBXContainerItemProxy */ = {
			isa = PBXContainerItemProxy;
			containerPortal = 9478E91A1D4F928000552D04 /* Project object */;
			proxyType = 1;
			remoteGlobalIDString = 94EEA4951D4FA1E5006B7C55;
			remoteInfo = "Weather-Watch Extension";
		};
		94EEA4A21D4FA1E5006B7C55 /* PBXContainerItemProxy */ = {
			isa = PBXContainerItemProxy;
			containerPortal = 9478E91A1D4F928000552D04 /* Project object */;
			proxyType = 1;
			remoteGlobalIDString = 94EEA4891D4FA1E4006B7C55;
			remoteInfo = "Weather-Watch";
		};
/* End PBXContainerItemProxy section */

/* Begin PBXCopyFilesBuildPhase section */
		94EEA4AA1D4FA1E5006B7C55 /* Embed App Extensions */ = {
			isa = PBXCopyFilesBuildPhase;
			buildActionMask = 2147483647;
			dstPath = "";
			dstSubfolderSpec = 13;
			files = (
				94EEA4971D4FA1E5006B7C55 /* Weather-Watch Extension.appex in Embed App Extensions */,
			);
			name = "Embed App Extensions";
			runOnlyForDeploymentPostprocessing = 0;
		};
		94EEA4AC1D4FA1E5006B7C55 /* Embed Watch Content */ = {
			isa = PBXCopyFilesBuildPhase;
			buildActionMask = 2147483647;
			dstPath = "$(CONTENTS_FOLDER_PATH)/Watch";
			dstSubfolderSpec = 16;
			files = (
				94EEA4A41D4FA1E5006B7C55 /* Weather-Watch.app in Embed Watch Content */,
			);
			name = "Embed Watch Content";
			runOnlyForDeploymentPostprocessing = 0;
		};
/* End PBXCopyFilesBuildPhase section */

/* Begin PBXFileReference section */
		096128F43457E5340FBD9534 /* Pods-Weather-TV.release.xcconfig */ = {isa = PBXFileReference; includeInIndex = 1; lastKnownFileType = text.xcconfig; name = "Pods-Weather-TV.release.xcconfig"; path = "Pods/Target Support Files/Pods-Weather-TV/Pods-Weather-TV.release.xcconfig"; sourceTree = "<group>"; };
		44BC8B06E5265300CCF6F818 /* Pods-Weather.debug.xcconfig */ = {isa = PBXFileReference; includeInIndex = 1; lastKnownFileType = text.xcconfig; name = "Pods-Weather.debug.xcconfig"; path = "Pods/Target Support Files/Pods-Weather/Pods-Weather.debug.xcconfig"; sourceTree = "<group>"; };
		568261D4D35A944E099DB859 /* Pods-Weather-Watch Extension.debug.xcconfig */ = {isa = PBXFileReference; includeInIndex = 1; lastKnownFileType = text.xcconfig; name = "Pods-Weather-Watch Extension.debug.xcconfig"; path = "Pods/Target Support Files/Pods-Weather-Watch Extension/Pods-Weather-Watch Extension.debug.xcconfig"; sourceTree = "<group>"; };
		7A666BE40A771B21D3FDF697 /* Pods-Weather-Watch Extension.release.xcconfig */ = {isa = PBXFileReference; includeInIndex = 1; lastKnownFileType = text.xcconfig; name = "Pods-Weather-Watch Extension.release.xcconfig"; path = "Pods/Target Support Files/Pods-Weather-Watch Extension/Pods-Weather-Watch Extension.release.xcconfig"; sourceTree = "<group>"; };
		80E4DA60BBA8DD261E16DF19 /* Pods-Weather.release.xcconfig */ = {isa = PBXFileReference; includeInIndex = 1; lastKnownFileType = text.xcconfig; name = "Pods-Weather.release.xcconfig"; path = "Pods/Target Support Files/Pods-Weather/Pods-Weather.release.xcconfig"; sourceTree = "<group>"; };
		9478E9221D4F928000552D04 /* Weather.app */ = {isa = PBXFileReference; explicitFileType = wrapper.application; includeInIndex = 0; path = Weather.app; sourceTree = BUILT_PRODUCTS_DIR; };
		9478E9251D4F928000552D04 /* AppDelegate.swift */ = {isa = PBXFileReference; lastKnownFileType = sourcecode.swift; path = AppDelegate.swift; sourceTree = "<group>"; };
		9478E9271D4F928000552D04 /* ViewController.swift */ = {isa = PBXFileReference; lastKnownFileType = sourcecode.swift; path = ViewController.swift; sourceTree = "<group>"; };
		9478E92A1D4F928000552D04 /* Base */ = {isa = PBXFileReference; lastKnownFileType = file.storyboard; name = Base; path = Base.lproj/Main.storyboard; sourceTree = "<group>"; };
		9478E92C1D4F928000552D04 /* Assets.xcassets */ = {isa = PBXFileReference; lastKnownFileType = folder.assetcatalog; path = Assets.xcassets; sourceTree = "<group>"; };
		9478E92F1D4F928000552D04 /* Base */ = {isa = PBXFileReference; lastKnownFileType = file.storyboard; name = Base; path = Base.lproj/LaunchScreen.storyboard; sourceTree = "<group>"; };
		9478E9311D4F928000552D04 /* Info.plist */ = {isa = PBXFileReference; lastKnownFileType = text.plist.xml; path = Info.plist; sourceTree = "<group>"; };
		9478E93B1D4F952700552D04 /* Weather-TV.app */ = {isa = PBXFileReference; explicitFileType = wrapper.application; includeInIndex = 0; path = "Weather-TV.app"; sourceTree = BUILT_PRODUCTS_DIR; };
		9478E93D1D4F952700552D04 /* AppDelegate.swift */ = {isa = PBXFileReference; lastKnownFileType = sourcecode.swift; path = AppDelegate.swift; sourceTree = "<group>"; };
		9478E93F1D4F952700552D04 /* ViewController.swift */ = {isa = PBXFileReference; lastKnownFileType = sourcecode.swift; path = ViewController.swift; sourceTree = "<group>"; };
		9478E9421D4F952700552D04 /* Base */ = {isa = PBXFileReference; lastKnownFileType = file.storyboard; name = Base; path = Base.lproj/Main.storyboard; sourceTree = "<group>"; };
		9478E9441D4F952700552D04 /* Assets.xcassets */ = {isa = PBXFileReference; lastKnownFileType = folder.assetcatalog; path = Assets.xcassets; sourceTree = "<group>"; };
		9478E9461D4F952700552D04 /* Info.plist */ = {isa = PBXFileReference; lastKnownFileType = text.plist.xml; path = Info.plist; sourceTree = "<group>"; };
		9478E94C1D4F971900552D04 /* Keys.swift */ = {isa = PBXFileReference; fileEncoding = 4; lastKnownFileType = sourcecode.swift; path = Keys.swift; sourceTree = "<group>"; };
		9478E94E1D4F974700552D04 /* ForecastKit.swift */ = {isa = PBXFileReference; fileEncoding = 4; lastKnownFileType = sourcecode.swift; path = ForecastKit.swift; sourceTree = "<group>"; };
		9478E9751D4F9B0B00552D04 /* Weather.swift */ = {isa = PBXFileReference; fileEncoding = 4; lastKnownFileType = sourcecode.swift; path = Weather.swift; sourceTree = "<group>"; };
		94EEA48A1D4FA1E4006B7C55 /* Weather-Watch.app */ = {isa = PBXFileReference; explicitFileType = wrapper.application; includeInIndex = 0; path = "Weather-Watch.app"; sourceTree = BUILT_PRODUCTS_DIR; };
		94EEA48D1D4FA1E4006B7C55 /* Base */ = {isa = PBXFileReference; lastKnownFileType = file.storyboard; name = Base; path = Base.lproj/Interface.storyboard; sourceTree = "<group>"; };
		94EEA48F1D4FA1E4006B7C55 /* Assets.xcassets */ = {isa = PBXFileReference; lastKnownFileType = folder.assetcatalog; path = Assets.xcassets; sourceTree = "<group>"; };
		94EEA4911D4FA1E5006B7C55 /* Info.plist */ = {isa = PBXFileReference; lastKnownFileType = text.plist.xml; path = Info.plist; sourceTree = "<group>"; };
		94EEA4961D4FA1E5006B7C55 /* Weather-Watch Extension.appex */ = {isa = PBXFileReference; explicitFileType = "wrapper.app-extension"; includeInIndex = 0; path = "Weather-Watch Extension.appex"; sourceTree = BUILT_PRODUCTS_DIR; };
		94EEA49B1D4FA1E5006B7C55 /* InterfaceController.swift */ = {isa = PBXFileReference; lastKnownFileType = sourcecode.swift; path = InterfaceController.swift; sourceTree = "<group>"; };
		94EEA49D1D4FA1E5006B7C55 /* ExtensionDelegate.swift */ = {isa = PBXFileReference; lastKnownFileType = sourcecode.swift; path = ExtensionDelegate.swift; sourceTree = "<group>"; };
		94EEA49F1D4FA1E5006B7C55 /* Assets.xcassets */ = {isa = PBXFileReference; lastKnownFileType = folder.assetcatalog; path = Assets.xcassets; sourceTree = "<group>"; };
		94EEA4A11D4FA1E5006B7C55 /* Info.plist */ = {isa = PBXFileReference; lastKnownFileType = text.plist.xml; path = Info.plist; sourceTree = "<group>"; };
		C4B1AE0EC253D1EED091D8D5 /* Pods_Weather_TV.framework */ = {isa = PBXFileReference; explicitFileType = wrapper.framework; includeInIndex = 0; path = Pods_Weather_TV.framework; sourceTree = BUILT_PRODUCTS_DIR; };
		CB723BCF8EE1E0310397EE1D /* Pods_Weather.framework */ = {isa = PBXFileReference; explicitFileType = wrapper.framework; includeInIndex = 0; path = Pods_Weather.framework; sourceTree = BUILT_PRODUCTS_DIR; };
		CE1E822D4D212A7F83920AD9 /* Pods-Weather-TV.debug.xcconfig */ = {isa = PBXFileReference; includeInIndex = 1; lastKnownFileType = text.xcconfig; name = "Pods-Weather-TV.debug.xcconfig"; path = "Pods/Target Support Files/Pods-Weather-TV/Pods-Weather-TV.debug.xcconfig"; sourceTree = "<group>"; };
		F3F12FD6807B73C48FEBA55B /* Pods_Weather_Watch_Extension.framework */ = {isa = PBXFileReference; explicitFileType = wrapper.framework; includeInIndex = 0; path = Pods_Weather_Watch_Extension.framework; sourceTree = BUILT_PRODUCTS_DIR; };
/* End PBXFileReference section */

/* Begin PBXFrameworksBuildPhase section */
		9478E91F1D4F928000552D04 /* Frameworks */ = {
			isa = PBXFrameworksBuildPhase;
			buildActionMask = 2147483647;
			files = (
				3551854C93A735C0A507F7AB /* Pods_Weather.framework in Frameworks */,
			);
			runOnlyForDeploymentPostprocessing = 0;
		};
		9478E9381D4F952700552D04 /* Frameworks */ = {
			isa = PBXFrameworksBuildPhase;
			buildActionMask = 2147483647;
			files = (
				F0DDC8FF37ABF6BB9014B4FE /* Pods_Weather_TV.framework in Frameworks */,
			);
			runOnlyForDeploymentPostprocessing = 0;
		};
		94EEA4931D4FA1E5006B7C55 /* Frameworks */ = {
			isa = PBXFrameworksBuildPhase;
			buildActionMask = 2147483647;
			files = (
				A2E01E367F6CF8633F440A21 /* Pods_Weather_Watch_Extension.framework in Frameworks */,
			);
			runOnlyForDeploymentPostprocessing = 0;
		};
		B41C4E610A6DD157F9E47C7B /* Frameworks */ = {
			isa = PBXFrameworksBuildPhase;
			buildActionMask = 2147483647;
			files = (
			);
			runOnlyForDeploymentPostprocessing = 0;
		};
/* End PBXFrameworksBuildPhase section */

/* Begin PBXGroup section */
		1B2F9AF06BC14DD23404F7FB /* Pods */ = {
			isa = PBXGroup;
			children = (
				44BC8B06E5265300CCF6F818 /* Pods-Weather.debug.xcconfig */,
				80E4DA60BBA8DD261E16DF19 /* Pods-Weather.release.xcconfig */,
				CE1E822D4D212A7F83920AD9 /* Pods-Weather-TV.debug.xcconfig */,
				096128F43457E5340FBD9534 /* Pods-Weather-TV.release.xcconfig */,
				568261D4D35A944E099DB859 /* Pods-Weather-Watch Extension.debug.xcconfig */,
				7A666BE40A771B21D3FDF697 /* Pods-Weather-Watch Extension.release.xcconfig */,
			);
			name = Pods;
			sourceTree = "<group>";
		};
		545A6743F0F8D6005EEA3FB0 /* Frameworks */ = {
			isa = PBXGroup;
			children = (
				CB723BCF8EE1E0310397EE1D /* Pods_Weather.framework */,
				C4B1AE0EC253D1EED091D8D5 /* Pods_Weather_TV.framework */,
				F3F12FD6807B73C48FEBA55B /* Pods_Weather_Watch_Extension.framework */,
			);
			name = Frameworks;
			sourceTree = "<group>";
		};
		9478E9191D4F928000552D04 = {
			isa = PBXGroup;
			children = (
				9478E9741D4F9AAD00552D04 /* Forecast */,
				9478E9241D4F928000552D04 /* Weather */,
				9478E93C1D4F952700552D04 /* Weather-TV */,
				94EEA48B1D4FA1E4006B7C55 /* Weather-Watch */,
				94EEA49A1D4FA1E5006B7C55 /* Weather-Watch Extension */,
				9478E9231D4F928000552D04 /* Products */,
				545A6743F0F8D6005EEA3FB0 /* Frameworks */,
				1B2F9AF06BC14DD23404F7FB /* Pods */,
			);
			sourceTree = "<group>";
		};
		9478E9231D4F928000552D04 /* Products */ = {
			isa = PBXGroup;
			children = (
				9478E9221D4F928000552D04 /* Weather.app */,
				9478E93B1D4F952700552D04 /* Weather-TV.app */,
				94EEA48A1D4FA1E4006B7C55 /* Weather-Watch.app */,
				94EEA4961D4FA1E5006B7C55 /* Weather-Watch Extension.appex */,
			);
			name = Products;
			sourceTree = "<group>";
		};
		9478E9241D4F928000552D04 /* Weather */ = {
			isa = PBXGroup;
			children = (
				9478E9251D4F928000552D04 /* AppDelegate.swift */,
				9478E9271D4F928000552D04 /* ViewController.swift */,
				9478E9291D4F928000552D04 /* Main.storyboard */,
				9478E92C1D4F928000552D04 /* Assets.xcassets */,
				9478E92E1D4F928000552D04 /* LaunchScreen.storyboard */,
				9478E9311D4F928000552D04 /* Info.plist */,
			);
			path = Weather;
			sourceTree = "<group>";
		};
		9478E93C1D4F952700552D04 /* Weather-TV */ = {
			isa = PBXGroup;
			children = (
				9478E93D1D4F952700552D04 /* AppDelegate.swift */,
				9478E93F1D4F952700552D04 /* ViewController.swift */,
				9478E9411D4F952700552D04 /* Main.storyboard */,
				9478E9441D4F952700552D04 /* Assets.xcassets */,
				9478E9461D4F952700552D04 /* Info.plist */,
			);
			path = "Weather-TV";
			sourceTree = "<group>";
		};
		9478E9741D4F9AAD00552D04 /* Forecast */ = {
			isa = PBXGroup;
			children = (
				9478E94C1D4F971900552D04 /* Keys.swift */,
				9478E94E1D4F974700552D04 /* ForecastKit.swift */,
				9478E9751D4F9B0B00552D04 /* Weather.swift */,
			);
			name = Forecast;
			path = Weather;
			sourceTree = "<group>";
		};
		94EEA48B1D4FA1E4006B7C55 /* Weather-Watch */ = {
			isa = PBXGroup;
			children = (
				94EEA48C1D4FA1E4006B7C55 /* Interface.storyboard */,
				94EEA48F1D4FA1E4006B7C55 /* Assets.xcassets */,
				94EEA4911D4FA1E5006B7C55 /* Info.plist */,
			);
			path = "Weather-Watch";
			sourceTree = "<group>";
		};
		94EEA49A1D4FA1E5006B7C55 /* Weather-Watch Extension */ = {
			isa = PBXGroup;
			children = (
				94EEA49B1D4FA1E5006B7C55 /* InterfaceController.swift */,
				94EEA49D1D4FA1E5006B7C55 /* ExtensionDelegate.swift */,
				94EEA49F1D4FA1E5006B7C55 /* Assets.xcassets */,
				94EEA4A11D4FA1E5006B7C55 /* Info.plist */,
			);
			path = "Weather-Watch Extension";
			sourceTree = "<group>";
		};
/* End PBXGroup section */

/* Begin PBXNativeTarget section */
		9478E9211D4F928000552D04 /* Weather */ = {
			isa = PBXNativeTarget;
			buildConfigurationList = 9478E9341D4F928000552D04 /* Build configuration list for PBXNativeTarget "Weather" */;
			buildPhases = (
				E8F178100F04039C5AEB0CE3 /* [CP] Check Pods Manifest.lock */,
				9478E91E1D4F928000552D04 /* Sources */,
				9478E91F1D4F928000552D04 /* Frameworks */,
				9478E9201D4F928000552D04 /* Resources */,
				3BA8BF08874F91DA6225A5B7 /* [CP] Embed Pods Frameworks */,
				58EC58D94C6F07173C1A0A91 /* [CP] Copy Pods Resources */,
				94EEA4AC1D4FA1E5006B7C55 /* Embed Watch Content */,
			);
			buildRules = (
			);
			dependencies = (
				94EEA4A31D4FA1E5006B7C55 /* PBXTargetDependency */,
			);
			name = Weather;
			productName = Weather;
			productReference = 9478E9221D4F928000552D04 /* Weather.app */;
			productType = "com.apple.product-type.application";
		};
		9478E93A1D4F952700552D04 /* Weather-TV */ = {
			isa = PBXNativeTarget;
			buildConfigurationList = 9478E9491D4F952700552D04 /* Build configuration list for PBXNativeTarget "Weather-TV" */;
			buildPhases = (
				09A253B7CA047CA2882D0B46 /* [CP] Check Pods Manifest.lock */,
				9478E9371D4F952700552D04 /* Sources */,
				9478E9381D4F952700552D04 /* Frameworks */,
				9478E9391D4F952700552D04 /* Resources */,
				F70120C492703FFF54BF0FDC /* [CP] Embed Pods Frameworks */,
				AD1140832ECC13C982C5A12E /* [CP] Copy Pods Resources */,
			);
			buildRules = (
			);
			dependencies = (
			);
			name = "Weather-TV";
			productName = "Weather-TV";
			productReference = 9478E93B1D4F952700552D04 /* Weather-TV.app */;
			productType = "com.apple.product-type.application";
		};
		94EEA4891D4FA1E4006B7C55 /* Weather-Watch */ = {
			isa = PBXNativeTarget;
			buildConfigurationList = 94EEA4AB1D4FA1E5006B7C55 /* Build configuration list for PBXNativeTarget "Weather-Watch" */;
			buildPhases = (
				94EEA4881D4FA1E4006B7C55 /* Resources */,
				94EEA4AA1D4FA1E5006B7C55 /* Embed App Extensions */,
				B41C4E610A6DD157F9E47C7B /* Frameworks */,
			);
			buildRules = (
			);
			dependencies = (
				94EEA4991D4FA1E5006B7C55 /* PBXTargetDependency */,
			);
			name = "Weather-Watch";
			productName = "Weather-Watch";
			productReference = 94EEA48A1D4FA1E4006B7C55 /* Weather-Watch.app */;
			productType = "com.apple.product-type.application.watchapp2";
		};
		94EEA4951D4FA1E5006B7C55 /* Weather-Watch Extension */ = {
			isa = PBXNativeTarget;
			buildConfigurationList = 94EEA4A91D4FA1E5006B7C55 /* Build configuration list for PBXNativeTarget "Weather-Watch Extension" */;
			buildPhases = (
				27AEDE962BE2D7AB9CD7CDCB /* [CP] Check Pods Manifest.lock */,
				94EEA4921D4FA1E5006B7C55 /* Sources */,
				94EEA4931D4FA1E5006B7C55 /* Frameworks */,
				94EEA4941D4FA1E5006B7C55 /* Resources */,
				069FCCFEF41AC25D3CDBBB1D /* [CP] Embed Pods Frameworks */,
				5B1B4E906793636C64BD7E44 /* [CP] Copy Pods Resources */,
			);
			buildRules = (
			);
			dependencies = (
			);
			name = "Weather-Watch Extension";
			productName = "Weather-Watch Extension";
			productReference = 94EEA4961D4FA1E5006B7C55 /* Weather-Watch Extension.appex */;
			productType = "com.apple.product-type.watchkit2-extension";
		};
/* End PBXNativeTarget section */

/* Begin PBXProject section */
		9478E91A1D4F928000552D04 /* Project object */ = {
			isa = PBXProject;
			attributes = {
				LastSwiftUpdateCheck = 0730;
				LastUpgradeCheck = 0730;
				ORGANIZATIONNAME = "Ryan Cohen";
				TargetAttributes = {
					9478E9211D4F928000552D04 = {
						CreatedOnToolsVersion = 7.3.1;
					};
					9478E93A1D4F952700552D04 = {
						CreatedOnToolsVersion = 7.3.1;
					};
					94EEA4891D4FA1E4006B7C55 = {
						CreatedOnToolsVersion = 7.3.1;
					};
					94EEA4951D4FA1E5006B7C55 = {
						CreatedOnToolsVersion = 7.3.1;
					};
				};
			};
			buildConfigurationList = 9478E91D1D4F928000552D04 /* Build configuration list for PBXProject "Weather" */;
			compatibilityVersion = "Xcode 3.2";
			developmentRegion = English;
			hasScannedForEncodings = 0;
			knownRegions = (
				en,
				Base,
			);
			mainGroup = 9478E9191D4F928000552D04;
			productRefGroup = 9478E9231D4F928000552D04 /* Products */;
			projectDirPath = "";
			projectRoot = "";
			targets = (
				9478E9211D4F928000552D04 /* Weather */,
				9478E93A1D4F952700552D04 /* Weather-TV */,
				94EEA4891D4FA1E4006B7C55 /* Weather-Watch */,
				94EEA4951D4FA1E5006B7C55 /* Weather-Watch Extension */,
			);
		};
/* End PBXProject section */

/* Begin PBXResourcesBuildPhase section */
		9478E9201D4F928000552D04 /* Resources */ = {
			isa = PBXResourcesBuildPhase;
			buildActionMask = 2147483647;
			files = (
				9478E9301D4F928000552D04 /* LaunchScreen.storyboard in Resources */,
				9478E92D1D4F928000552D04 /* Assets.xcassets in Resources */,
				9478E92B1D4F928000552D04 /* Main.storyboard in Resources */,
			);
			runOnlyForDeploymentPostprocessing = 0;
		};
		9478E9391D4F952700552D04 /* Resources */ = {
			isa = PBXResourcesBuildPhase;
			buildActionMask = 2147483647;
			files = (
				9478E9451D4F952700552D04 /* Assets.xcassets in Resources */,
				9478E9431D4F952700552D04 /* Main.storyboard in Resources */,
			);
			runOnlyForDeploymentPostprocessing = 0;
		};
		94EEA4881D4FA1E4006B7C55 /* Resources */ = {
			isa = PBXResourcesBuildPhase;
			buildActionMask = 2147483647;
			files = (
				94EEA4901D4FA1E4006B7C55 /* Assets.xcassets in Resources */,
				94EEA48E1D4FA1E4006B7C55 /* Interface.storyboard in Resources */,
			);
			runOnlyForDeploymentPostprocessing = 0;
		};
		94EEA4941D4FA1E5006B7C55 /* Resources */ = {
			isa = PBXResourcesBuildPhase;
			buildActionMask = 2147483647;
			files = (
				94EEA4A01D4FA1E5006B7C55 /* Assets.xcassets in Resources */,
			);
			runOnlyForDeploymentPostprocessing = 0;
		};
/* End PBXResourcesBuildPhase section */

/* Begin PBXShellScriptBuildPhase section */
		069FCCFEF41AC25D3CDBBB1D /* [CP] Embed Pods Frameworks */ = {
			isa = PBXShellScriptBuildPhase;
			buildActionMask = 2147483647;
			files = (
			);
			inputPaths = (
			);
			name = "[CP] Embed Pods Frameworks";
			outputPaths = (
			);
			runOnlyForDeploymentPostprocessing = 0;
			shellPath = /bin/sh;
			shellScript = "\"${SRCROOT}/Pods/Target Support Files/Pods-Weather-Watch Extension/Pods-Weather-Watch Extension-frameworks.sh\"\n";
			showEnvVarsInLog = 0;
		};
		09A253B7CA047CA2882D0B46 /* [CP] Check Pods Manifest.lock */ = {
			isa = PBXShellScriptBuildPhase;
			buildActionMask = 2147483647;
			files = (
			);
			inputPaths = (
			);
			name = "[CP] Check Pods Manifest.lock";
			outputPaths = (
			);
			runOnlyForDeploymentPostprocessing = 0;
			shellPath = /bin/sh;
			shellScript = "diff \"${PODS_ROOT}/../Podfile.lock\" \"${PODS_ROOT}/Manifest.lock\" > /dev/null\nif [[ $? != 0 ]] ; then\n    cat << EOM\nerror: The sandbox is not in sync with the Podfile.lock. Run 'pod install' or update your CocoaPods installation.\nEOM\n    exit 1\nfi\n";
			showEnvVarsInLog = 0;
		};
		27AEDE962BE2D7AB9CD7CDCB /* [CP] Check Pods Manifest.lock */ = {
			isa = PBXShellScriptBuildPhase;
			buildActionMask = 2147483647;
			files = (
			);
			inputPaths = (
			);
			name = "[CP] Check Pods Manifest.lock";
			outputPaths = (
			);
			runOnlyForDeploymentPostprocessing = 0;
			shellPath = /bin/sh;
			shellScript = "diff \"${PODS_ROOT}/../Podfile.lock\" \"${PODS_ROOT}/Manifest.lock\" > /dev/null\nif [[ $? != 0 ]] ; then\n    cat << EOM\nerror: The sandbox is not in sync with the Podfile.lock. Run 'pod install' or update your CocoaPods installation.\nEOM\n    exit 1\nfi\n";
			showEnvVarsInLog = 0;
		};
		3BA8BF08874F91DA6225A5B7 /* [CP] Embed Pods Frameworks */ = {
			isa = PBXShellScriptBuildPhase;
			buildActionMask = 2147483647;
			files = (
			);
			inputPaths = (
			);
			name = "[CP] Embed Pods Frameworks";
			outputPaths = (
			);
			runOnlyForDeploymentPostprocessing = 0;
			shellPath = /bin/sh;
			shellScript = "\"${SRCROOT}/Pods/Target Support Files/Pods-Weather/Pods-Weather-frameworks.sh\"\n";
			showEnvVarsInLog = 0;
		};
		58EC58D94C6F07173C1A0A91 /* [CP] Copy Pods Resources */ = {
			isa = PBXShellScriptBuildPhase;
			buildActionMask = 2147483647;
			files = (
			);
			inputPaths = (
			);
			name = "[CP] Copy Pods Resources";
			outputPaths = (
			);
			runOnlyForDeploymentPostprocessing = 0;
			shellPath = /bin/sh;
			shellScript = "\"${SRCROOT}/Pods/Target Support Files/Pods-Weather/Pods-Weather-resources.sh\"\n";
			showEnvVarsInLog = 0;
		};
		5B1B4E906793636C64BD7E44 /* [CP] Copy Pods Resources */ = {
			isa = PBXShellScriptBuildPhase;
			buildActionMask = 2147483647;
			files = (
			);
			inputPaths = (
			);
			name = "[CP] Copy Pods Resources";
			outputPaths = (
			);
			runOnlyForDeploymentPostprocessing = 0;
			shellPath = /bin/sh;
			shellScript = "\"${SRCROOT}/Pods/Target Support Files/Pods-Weather-Watch Extension/Pods-Weather-Watch Extension-resources.sh\"\n";
			showEnvVarsInLog = 0;
		};
		AD1140832ECC13C982C5A12E /* [CP] Copy Pods Resources */ = {
			isa = PBXShellScriptBuildPhase;
			buildActionMask = 2147483647;
			files = (
			);
			inputPaths = (
			);
			name = "[CP] Copy Pods Resources";
			outputPaths = (
			);
			runOnlyForDeploymentPostprocessing = 0;
			shellPath = /bin/sh;
			shellScript = "\"${SRCROOT}/Pods/Target Support Files/Pods-Weather-TV/Pods-Weather-TV-resources.sh\"\n";
			showEnvVarsInLog = 0;
		};
		E8F178100F04039C5AEB0CE3 /* [CP] Check Pods Manifest.lock */ = {
			isa = PBXShellScriptBuildPhase;
			buildActionMask = 2147483647;
			files = (
			);
			inputPaths = (
			);
			name = "[CP] Check Pods Manifest.lock";
			outputPaths = (
			);
			runOnlyForDeploymentPostprocessing = 0;
			shellPath = /bin/sh;
			shellScript = "diff \"${PODS_ROOT}/../Podfile.lock\" \"${PODS_ROOT}/Manifest.lock\" > /dev/null\nif [[ $? != 0 ]] ; then\n    cat << EOM\nerror: The sandbox is not in sync with the Podfile.lock. Run 'pod install' or update your CocoaPods installation.\nEOM\n    exit 1\nfi\n";
			showEnvVarsInLog = 0;
		};
		F70120C492703FFF54BF0FDC /* [CP] Embed Pods Frameworks */ = {
			isa = PBXShellScriptBuildPhase;
			buildActionMask = 2147483647;
			files = (
			);
			inputPaths = (
			);
			name = "[CP] Embed Pods Frameworks";
			outputPaths = (
			);
			runOnlyForDeploymentPostprocessing = 0;
			shellPath = /bin/sh;
			shellScript = "\"${SRCROOT}/Pods/Target Support Files/Pods-Weather-TV/Pods-Weather-TV-frameworks.sh\"\n";
			showEnvVarsInLog = 0;
		};
/* End PBXShellScriptBuildPhase section */

/* Begin PBXSourcesBuildPhase section */
		9478E91E1D4F928000552D04 /* Sources */ = {
			isa = PBXSourcesBuildPhase;
			buildActionMask = 2147483647;
			files = (
				9478E9281D4F928000552D04 /* ViewController.swift in Sources */,
				9478E94D1D4F971900552D04 /* Keys.swift in Sources */,
				9478E9261D4F928000552D04 /* AppDelegate.swift in Sources */,
				9478E94F1D4F974700552D04 /* ForecastKit.swift in Sources */,
				9478E9761D4F9B0B00552D04 /* Weather.swift in Sources */,
			);
			runOnlyForDeploymentPostprocessing = 0;
		};
		9478E9371D4F952700552D04 /* Sources */ = {
			isa = PBXSourcesBuildPhase;
			buildActionMask = 2147483647;
			files = (
				9478E9401D4F952700552D04 /* ViewController.swift in Sources */,
				9478E9501D4F97DF00552D04 /* Keys.swift in Sources */,
				9478E93E1D4F952700552D04 /* AppDelegate.swift in Sources */,
				9478E9511D4F97DF00552D04 /* ForecastKit.swift in Sources */,
				9478E9771D4F9E8700552D04 /* Weather.swift in Sources */,
			);
			runOnlyForDeploymentPostprocessing = 0;
		};
		94EEA4921D4FA1E5006B7C55 /* Sources */ = {
			isa = PBXSourcesBuildPhase;
			buildActionMask = 2147483647;
			files = (
				94EEA49E1D4FA1E5006B7C55 /* ExtensionDelegate.swift in Sources */,
				94EEA4AD1D4FA22C006B7C55 /* Keys.swift in Sources */,
				94EEA49C1D4FA1E5006B7C55 /* InterfaceController.swift in Sources */,
				94EEA4AE1D4FA22C006B7C55 /* ForecastKit.swift in Sources */,
				94EEA4AF1D4FA22C006B7C55 /* Weather.swift in Sources */,
			);
			runOnlyForDeploymentPostprocessing = 0;
		};
/* End PBXSourcesBuildPhase section */

/* Begin PBXTargetDependency section */
		94EEA4991D4FA1E5006B7C55 /* PBXTargetDependency */ = {
			isa = PBXTargetDependency;
			target = 94EEA4951D4FA1E5006B7C55 /* Weather-Watch Extension */;
			targetProxy = 94EEA4981D4FA1E5006B7C55 /* PBXContainerItemProxy */;
		};
		94EEA4A31D4FA1E5006B7C55 /* PBXTargetDependency */ = {
			isa = PBXTargetDependency;
			target = 94EEA4891D4FA1E4006B7C55 /* Weather-Watch */;
			targetProxy = 94EEA4A21D4FA1E5006B7C55 /* PBXContainerItemProxy */;
		};
/* End PBXTargetDependency section */

/* Begin PBXVariantGroup section */
		9478E9291D4F928000552D04 /* Main.storyboard */ = {
			isa = PBXVariantGroup;
			children = (
				9478E92A1D4F928000552D04 /* Base */,
			);
			name = Main.storyboard;
			sourceTree = "<group>";
		};
		9478E92E1D4F928000552D04 /* LaunchScreen.storyboard */ = {
			isa = PBXVariantGroup;
			children = (
				9478E92F1D4F928000552D04 /* Base */,
			);
			name = LaunchScreen.storyboard;
			sourceTree = "<group>";
		};
		9478E9411D4F952700552D04 /* Main.storyboard */ = {
			isa = PBXVariantGroup;
			children = (
				9478E9421D4F952700552D04 /* Base */,
			);
			name = Main.storyboard;
			sourceTree = "<group>";
		};
		94EEA48C1D4FA1E4006B7C55 /* Interface.storyboard */ = {
			isa = PBXVariantGroup;
			children = (
				94EEA48D1D4FA1E4006B7C55 /* Base */,
			);
			name = Interface.storyboard;
			sourceTree = "<group>";
		};
/* End PBXVariantGroup section */

/* Begin XCBuildConfiguration section */
		9478E9321D4F928000552D04 /* Debug */ = {
			isa = XCBuildConfiguration;
			buildSettings = {
				ALWAYS_SEARCH_USER_PATHS = NO;
				CLANG_ANALYZER_NONNULL = YES;
				CLANG_CXX_LANGUAGE_STANDARD = "gnu++0x";
				CLANG_CXX_LIBRARY = "libc++";
				CLANG_ENABLE_MODULES = YES;
				CLANG_ENABLE_OBJC_ARC = YES;
				CLANG_WARN_BOOL_CONVERSION = YES;
				CLANG_WARN_CONSTANT_CONVERSION = YES;
				CLANG_WARN_DIRECT_OBJC_ISA_USAGE = YES_ERROR;
				CLANG_WARN_EMPTY_BODY = YES;
				CLANG_WARN_ENUM_CONVERSION = YES;
				CLANG_WARN_INT_CONVERSION = YES;
				CLANG_WARN_OBJC_ROOT_CLASS = YES_ERROR;
				CLANG_WARN_UNREACHABLE_CODE = YES;
				CLANG_WARN__DUPLICATE_METHOD_MATCH = YES;
				"CODE_SIGN_IDENTITY[sdk=iphoneos*]" = "iPhone Developer";
				COPY_PHASE_STRIP = NO;
				DEBUG_INFORMATION_FORMAT = dwarf;
				ENABLE_STRICT_OBJC_MSGSEND = YES;
				ENABLE_TESTABILITY = YES;
				GCC_C_LANGUAGE_STANDARD = gnu99;
				GCC_DYNAMIC_NO_PIC = NO;
				GCC_NO_COMMON_BLOCKS = YES;
				GCC_OPTIMIZATION_LEVEL = 0;
				GCC_PREPROCESSOR_DEFINITIONS = (
					"DEBUG=1",
					"$(inherited)",
				);
				GCC_WARN_64_TO_32_BIT_CONVERSION = YES;
				GCC_WARN_ABOUT_RETURN_TYPE = YES_ERROR;
				GCC_WARN_UNDECLARED_SELECTOR = YES;
				GCC_WARN_UNINITIALIZED_AUTOS = YES_AGGRESSIVE;
				GCC_WARN_UNUSED_FUNCTION = YES;
				GCC_WARN_UNUSED_VARIABLE = YES;
				IPHONEOS_DEPLOYMENT_TARGET = 9.3;
				MTL_ENABLE_DEBUG_INFO = YES;
				ONLY_ACTIVE_ARCH = YES;
				SDKROOT = iphoneos;
				SWIFT_OPTIMIZATION_LEVEL = "-Onone";
			};
			name = Debug;
		};
		9478E9331D4F928000552D04 /* Release */ = {
			isa = XCBuildConfiguration;
			buildSettings = {
				ALWAYS_SEARCH_USER_PATHS = NO;
				CLANG_ANALYZER_NONNULL = YES;
				CLANG_CXX_LANGUAGE_STANDARD = "gnu++0x";
				CLANG_CXX_LIBRARY = "libc++";
				CLANG_ENABLE_MODULES = YES;
				CLANG_ENABLE_OBJC_ARC = YES;
				CLANG_WARN_BOOL_CONVERSION = YES;
				CLANG_WARN_CONSTANT_CONVERSION = YES;
				CLANG_WARN_DIRECT_OBJC_ISA_USAGE = YES_ERROR;
				CLANG_WARN_EMPTY_BODY = YES;
				CLANG_WARN_ENUM_CONVERSION = YES;
				CLANG_WARN_INT_CONVERSION = YES;
				CLANG_WARN_OBJC_ROOT_CLASS = YES_ERROR;
				CLANG_WARN_UNREACHABLE_CODE = YES;
				CLANG_WARN__DUPLICATE_METHOD_MATCH = YES;
				"CODE_SIGN_IDENTITY[sdk=iphoneos*]" = "iPhone Developer";
				COPY_PHASE_STRIP = NO;
				DEBUG_INFORMATION_FORMAT = "dwarf-with-dsym";
				ENABLE_NS_ASSERTIONS = NO;
				ENABLE_STRICT_OBJC_MSGSEND = YES;
				GCC_C_LANGUAGE_STANDARD = gnu99;
				GCC_NO_COMMON_BLOCKS = YES;
				GCC_WARN_64_TO_32_BIT_CONVERSION = YES;
				GCC_WARN_ABOUT_RETURN_TYPE = YES_ERROR;
				GCC_WARN_UNDECLARED_SELECTOR = YES;
				GCC_WARN_UNINITIALIZED_AUTOS = YES_AGGRESSIVE;
				GCC_WARN_UNUSED_FUNCTION = YES;
				GCC_WARN_UNUSED_VARIABLE = YES;
				IPHONEOS_DEPLOYMENT_TARGET = 9.3;
				MTL_ENABLE_DEBUG_INFO = NO;
				SDKROOT = iphoneos;
				VALIDATE_PRODUCT = YES;
			};
			name = Release;
		};
		9478E9351D4F928000552D04 /* Debug */ = {
			isa = XCBuildConfiguration;
			baseConfigurationReference = 44BC8B06E5265300CCF6F818 /* Pods-Weather.debug.xcconfig */;
			buildSettings = {
				ASSETCATALOG_COMPILER_APPICON_NAME = AppIcon;
				INFOPLIST_FILE = Weather/Info.plist;
				LD_RUNPATH_SEARCH_PATHS = "$(inherited) @executable_path/Frameworks";
				PRODUCT_BUNDLE_IDENTIFIER = xyz.deadryan.Weather;
				PRODUCT_NAME = "$(TARGET_NAME)";
			};
			name = Debug;
		};
		9478E9361D4F928000552D04 /* Release */ = {
			isa = XCBuildConfiguration;
			baseConfigurationReference = 80E4DA60BBA8DD261E16DF19 /* Pods-Weather.release.xcconfig */;
			buildSettings = {
				ASSETCATALOG_COMPILER_APPICON_NAME = AppIcon;
				INFOPLIST_FILE = Weather/Info.plist;
				LD_RUNPATH_SEARCH_PATHS = "$(inherited) @executable_path/Frameworks";
				PRODUCT_BUNDLE_IDENTIFIER = xyz.deadryan.Weather;
				PRODUCT_NAME = "$(TARGET_NAME)";
			};
			name = Release;
		};
		9478E9471D4F952700552D04 /* Debug */ = {
			isa = XCBuildConfiguration;
			baseConfigurationReference = CE1E822D4D212A7F83920AD9 /* Pods-Weather-TV.debug.xcconfig */;
			buildSettings = {
				ASSETCATALOG_COMPILER_APPICON_NAME = "App Icon & Top Shelf Image";
				ASSETCATALOG_COMPILER_LAUNCHIMAGE_NAME = LaunchImage;
				INFOPLIST_FILE = "Weather-TV/Info.plist";
				LD_RUNPATH_SEARCH_PATHS = "$(inherited) @executable_path/Frameworks";
				PRODUCT_BUNDLE_IDENTIFIER = "xyz.deadryan.Weather-TV";
				PRODUCT_NAME = "$(TARGET_NAME)";
				SDKROOT = appletvos;
				TARGETED_DEVICE_FAMILY = 3;
				TVOS_DEPLOYMENT_TARGET = 9.2;
			};
			name = Debug;
		};
		9478E9481D4F952700552D04 /* Release */ = {
			isa = XCBuildConfiguration;
			baseConfigurationReference = 096128F43457E5340FBD9534 /* Pods-Weather-TV.release.xcconfig */;
			buildSettings = {
				ASSETCATALOG_COMPILER_APPICON_NAME = "App Icon & Top Shelf Image";
				ASSETCATALOG_COMPILER_LAUNCHIMAGE_NAME = LaunchImage;
				INFOPLIST_FILE = "Weather-TV/Info.plist";
				LD_RUNPATH_SEARCH_PATHS = "$(inherited) @executable_path/Frameworks";
				PRODUCT_BUNDLE_IDENTIFIER = "xyz.deadryan.Weather-TV";
				PRODUCT_NAME = "$(TARGET_NAME)";
				SDKROOT = appletvos;
				TARGETED_DEVICE_FAMILY = 3;
				TVOS_DEPLOYMENT_TARGET = 9.2;
			};
			name = Release;
		};
		94EEA4A51D4FA1E5006B7C55 /* Debug */ = {
			isa = XCBuildConfiguration;
			buildSettings = {
				ASSETCATALOG_COMPILER_APPICON_NAME = AppIcon;
				EMBEDDED_CONTENT_CONTAINS_SWIFT = YES;
				IBSC_MODULE = Weather_Watch_Extension;
				INFOPLIST_FILE = "Weather-Watch/Info.plist";
				PRODUCT_BUNDLE_IDENTIFIER = xyz.deadryan.Weather.watchkitapp;
				PRODUCT_NAME = "$(TARGET_NAME)";
				SDKROOT = watchos;
				SKIP_INSTALL = YES;
				TARGETED_DEVICE_FAMILY = 4;
				WATCHOS_DEPLOYMENT_TARGET = 2.2;
			};
			name = Debug;
		};
		94EEA4A61D4FA1E5006B7C55 /* Release */ = {
			isa = XCBuildConfiguration;
			buildSettings = {
				ASSETCATALOG_COMPILER_APPICON_NAME = AppIcon;
				EMBEDDED_CONTENT_CONTAINS_SWIFT = YES;
				IBSC_MODULE = Weather_Watch_Extension;
				INFOPLIST_FILE = "Weather-Watch/Info.plist";
				PRODUCT_BUNDLE_IDENTIFIER = xyz.deadryan.Weather.watchkitapp;
				PRODUCT_NAME = "$(TARGET_NAME)";
				SDKROOT = watchos;
				SKIP_INSTALL = YES;
				TARGETED_DEVICE_FAMILY = 4;
				WATCHOS_DEPLOYMENT_TARGET = 2.2;
			};
			name = Release;
		};
		94EEA4A71D4FA1E5006B7C55 /* Debug */ = {
			isa = XCBuildConfiguration;
			baseConfigurationReference = 568261D4D35A944E099DB859 /* Pods-Weather-Watch Extension.debug.xcconfig */;
			buildSettings = {
				INFOPLIST_FILE = "Weather-Watch Extension/Info.plist";
				LD_RUNPATH_SEARCH_PATHS = "$(inherited) @executable_path/Frameworks @executable_path/../../Frameworks";
				PRODUCT_BUNDLE_IDENTIFIER = xyz.deadryan.Weather.watchkitapp.watchkitextension;
				PRODUCT_NAME = "${TARGET_NAME}";
				SDKROOT = watchos;
				SKIP_INSTALL = YES;
				TARGETED_DEVICE_FAMILY = 4;
				WATCHOS_DEPLOYMENT_TARGET = 2.2;
			};
			name = Debug;
		};
		94EEA4A81D4FA1E5006B7C55 /* Release */ = {
			isa = XCBuildConfiguration;
			baseConfigurationReference = 7A666BE40A771B21D3FDF697 /* Pods-Weather-Watch Extension.release.xcconfig */;
			buildSettings = {
				INFOPLIST_FILE = "Weather-Watch Extension/Info.plist";
				LD_RUNPATH_SEARCH_PATHS = "$(inherited) @executable_path/Frameworks @executable_path/../../Frameworks";
				PRODUCT_BUNDLE_IDENTIFIER = xyz.deadryan.Weather.watchkitapp.watchkitextension;
				PRODUCT_NAME = "${TARGET_NAME}";
				SDKROOT = watchos;
				SKIP_INSTALL = YES;
				TARGETED_DEVICE_FAMILY = 4;
				WATCHOS_DEPLOYMENT_TARGET = 2.2;
			};
			name = Release;
		};
/* End XCBuildConfiguration section */

/* Begin XCConfigurationList section */
		9478E91D1D4F928000552D04 /* Build configuration list for PBXProject "Weather" */ = {
			isa = XCConfigurationList;
			buildConfigurations = (
				9478E9321D4F928000552D04 /* Debug */,
				9478E9331D4F928000552D04 /* Release */,
			);
			defaultConfigurationIsVisible = 0;
			defaultConfigurationName = Release;
		};
		9478E9341D4F928000552D04 /* Build configuration list for PBXNativeTarget "Weather" */ = {
			isa = XCConfigurationList;
			buildConfigurations = (
				9478E9351D4F928000552D04 /* Debug */,
				9478E9361D4F928000552D04 /* Release */,
			);
			defaultConfigurationIsVisible = 0;
			defaultConfigurationName = Release;
		};
		9478E9491D4F952700552D04 /* Build configuration list for PBXNativeTarget "Weather-TV" */ = {
			isa = XCConfigurationList;
			buildConfigurations = (
				9478E9471D4F952700552D04 /* Debug */,
				9478E9481D4F952700552D04 /* Release */,
			);
			defaultConfigurationIsVisible = 0;
			defaultConfigurationName = Release;
		};
		94EEA4A91D4FA1E5006B7C55 /* Build configuration list for PBXNativeTarget "Weather-Watch Extension" */ = {
			isa = XCConfigurationList;
			buildConfigurations = (
				94EEA4A71D4FA1E5006B7C55 /* Debug */,
				94EEA4A81D4FA1E5006B7C55 /* Release */,
			);
			defaultConfigurationIsVisible = 0;
			defaultConfigurationName = Release;
		};
		94EEA4AB1D4FA1E5006B7C55 /* Build configuration list for PBXNativeTarget "Weather-Watch" */ = {
			isa = XCConfigurationList;
			buildConfigurations = (
				94EEA4A51D4FA1E5006B7C55 /* Debug */,
				94EEA4A61D4FA1E5006B7C55 /* Release */,
			);
			defaultConfigurationIsVisible = 0;
			defaultConfigurationName = Release;
		};
/* End XCConfigurationList section */
	};
	rootObject = 9478E91A1D4F928000552D04 /* Project object */;
}
